DEPENDENCIES
  gitlab
    path: .
    metadata: true
  monit
    git: https://github.com/phlipper/chef-monit.git
    revision: 276c99ba08869ebd5117267d91a2ff6aa0d9fc6b
    tag: 1.4.0

GRAPH
  apt (2.9.2)
  build-essential (2.2.4)
  chef-sugar (3.3.0)
  chef_handler (1.2.0)
  database (4.0.9)
    postgresql (>= 1.0.0)
  dmg (2.3.0)
  git (4.3.5)
    build-essential (>= 0.0.0)
    dmg (>= 0.0.0)
    windows (>= 0.0.0)
    yum-epel (>= 0.0.0)
  gitlab (3.8.4)
    apt (~> 2.6)
    build-essential (~> 2.2)
    database (~> 4.0)
    git (~> 4.0)
    golang (~> 1.7)
    magic_shell (~> 1.0)
    monit (~> 1.4)
    mysql (~> 6.1)
    mysql2_chef_gem (~> 1.0)
    postgresql (~> 3.4)
    redisio (~> 2.3)
    ruby_build (~> 0.8)
    selinux (~> 0.8)
    yum-epel (~> 0.6)
  golang (1.7.0)
  magic_shell (1.0.0)
  mariadb (0.3.1)
    apt (>= 0.0.0)
    yum (>= 0.0.0)
    yum-epel (>= 0.0.0)
  monit (1.4.0)
  mysql (6.1.2)
    smf (>= 0.0.0)
    yum-mysql-community (>= 0.0.0)
  mysql2_chef_gem (1.0.2)
    build-essential (>= 0.0.0)
    mariadb (>= 0.0.0)
    mysql (~> 6.0)
  openssl (4.4.0)
    chef-sugar (>= 3.1.1)
  postgresql (3.4.24)
    apt (>= 1.9.0)
    build-essential (>= 0.0.0)
    openssl (~> 4.0)
  rbac (1.0.3)
  redisio (2.3.0)
    build-essential (>= 0.0.0)
    ulimit (>= 0.1.2)
  ruby_build (0.8.0)
  selinux (0.9.0)
  smf (2.2.7)
    rbac (>= 1.0.1)
  ulimit (0.3.3)
  windows (1.39.1)
    chef_handler (>= 0.0.0)
  yum (3.9.0)
  yum-epel (0.6.5)
    yum (~> 3.2)
  yum-mysql-community (0.1.21)
    yum (>= 3.2)
